
Microsoft Visual Studio Solution File, Format Version 12.00
# Visual Studio Version 16
VisualStudioVersion = 16.0.29102.190
MinimumVisualStudioVersion = 10.0.40219.1
Project("{9A19103F-16F7-4668-BE54-9A1E7A4F7556}") = "days-without-incidents-api", "days-without-incidents-api.csproj", "{A3085370-F8EC-42A9-BCCC-61494C5E38D9}"
EndProject
Global
	GlobalSection(SolutionConfigurationPlatforms) = preSolution
		Debug|Any CPU = Debug|Any CPU
		Release|Any CPU = Release|Any CPU
	EndGlobalSection
	GlobalSection(ProjectConfigurationPlatforms) = postSolution
		{A3085370-F8EC-42A9-BCCC-61494C5E38D9}.Debug|Any CPU.ActiveCfg = Debug|Any CPU
		{A3085370-F8EC-42A9-BCCC-61494C5E38D9}.Debug|Any CPU.Build.0 = Debug|Any CPU
		{A3085370-F8EC-42A9-BCCC-61494C5E38D9}.Release|Any CPU.ActiveCfg = Release|Any CPU
		{A3085370-F8EC-42A9-BCCC-61494C5E38D9}.Release|Any CPU.Build.0 = Release|Any CPU
	EndGlobalSection
	GlobalSection(SolutionProperties) = preSolution
		HideSolutionNode = FALSE
	EndGlobalSection
	GlobalSection(ExtensibilityGlobals) = postSolution
		SolutionGuid = {0A2D46A5-BE87-457A-8A61-972DAE6EA1DF}
	EndGlobalSection
EndGlobal
